
Microsoft Visual Studio Solution File, Format Version 12.00
# Visual Studio 15
VisualStudioVersion = 15.0.28010.2048
MinimumVisualStudioVersion = 10.0.40219.1
Project("{FAE04EC0-301F-11D3-BF4B-00C04F79EFBC}") = "ShortTalk", "ShortTalk\ShortTalk.csproj", "{551D2F37-8AE6-4E4D-A92E-A1CAA254E2E9}"
EndProject
Project("{FAE04EC0-301F-11D3-BF4B-00C04F79EFBC}") = "ShortTalk.Tests", "ShortTalk.Tests\ShortTalk.Tests.csproj", "{22DF68FD-44CE-480D-A7E0-677604CFEFEE}"
EndProject
Global
	GlobalSection(SolutionConfigurationPlatforms) = preSolution
		Debug|Any CPU = Debug|Any CPU
		Release|Any CPU = Release|Any CPU
	EndGlobalSection
	GlobalSection(ProjectConfigurationPlatforms) = postSolution
		{551D2F37-8AE6-4E4D-A92E-A1CAA254E2E9}.Debug|Any CPU.ActiveCfg = Debug|Any CPU
		{551D2F37-8AE6-4E4D-A92E-A1CAA254E2E9}.Debug|Any CPU.Build.0 = Debug|Any CPU
		{551D2F37-8AE6-4E4D-A92E-A1CAA254E2E9}.Release|Any CPU.ActiveCfg = Release|Any CPU
		{551D2F37-8AE6-4E4D-A92E-A1CAA254E2E9}.Release|Any CPU.Build.0 = Release|Any CPU
		{22DF68FD-44CE-480D-A7E0-677604CFEFEE}.Debug|Any CPU.ActiveCfg = Debug|Any CPU
		{22DF68FD-44CE-480D-A7E0-677604CFEFEE}.Debug|Any CPU.Build.0 = Debug|Any CPU
		{22DF68FD-44CE-480D-A7E0-677604CFEFEE}.Release|Any CPU.ActiveCfg = Release|Any CPU
		{22DF68FD-44CE-480D-A7E0-677604CFEFEE}.Release|Any CPU.Build.0 = Release|Any CPU
	EndGlobalSection
	GlobalSection(SolutionProperties) = preSolution
		HideSolutionNode = FALSE
	EndGlobalSection
	GlobalSection(ExtensibilityGlobals) = postSolution
		SolutionGuid = {5BEE35EF-5331-40C1-AE29-18EA66ACCC32}
	EndGlobalSection
EndGlobal
